
Microsoft Visual Studio Solution File, Format Version 12.00
# Visual Studio 15
VisualStudioVersion = 15.0.28307.1267
MinimumVisualStudioVersion = 10.0.40219.1
Project("{FAE04EC0-301F-11D3-BF4B-00C04F79EFBC}") = "Memory_Gabrieli", "Memory_Gabrieli\Memory_Gabrieli.csproj", "{8A7597F2-3DB1-421B-83BD-373665E19803}"
EndProject
Global
	GlobalSection(SolutionConfigurationPlatforms) = preSolution
		Debug|Any CPU = Debug|Any CPU
		Release|Any CPU = Release|Any CPU
	EndGlobalSection
	GlobalSection(ProjectConfigurationPlatforms) = postSolution
		{8A7597F2-3DB1-421B-83BD-373665E19803}.Debug|Any CPU.ActiveCfg = Debug|Any CPU
		{8A7597F2-3DB1-421B-83BD-373665E19803}.Debug|Any CPU.Build.0 = Debug|Any CPU
		{8A7597F2-3DB1-421B-83BD-373665E19803}.Release|Any CPU.ActiveCfg = Release|Any CPU
		{8A7597F2-3DB1-421B-83BD-373665E19803}.Release|Any CPU.Build.0 = Release|Any CPU
	EndGlobalSection
	GlobalSection(SolutionProperties) = preSolution
		HideSolutionNode = FALSE
	EndGlobalSection
	GlobalSection(ExtensibilityGlobals) = postSolution
		SolutionGuid = {0F3667C9-DA24-40A3-9915-18E89D3664D0}
	EndGlobalSection
EndGlobal
